
Microsoft Visual Studio Solution File, Format Version 12.00
# Visual Studio Version 16
VisualStudioVersion = 16.0.30907.101
MinimumVisualStudioVersion = 10.0.40219.1
Project("{9A19103F-16F7-4668-BE54-9A1E7A4F7556}") = "CoreConsoleApp", "CoreConsoleApp\CoreConsoleApp.csproj", "{78A17FA3-81C9-46D4-AD02-443407267CE5}"
EndProject
Project("{9A19103F-16F7-4668-BE54-9A1E7A4F7556}") = "CoreWebApp", "CoreWebApp\CoreWebApp.csproj", "{F2C18CBF-01DE-4173-9546-3AEF350E3BE8}"
EndProject
Project("{FAE04EC0-301F-11D3-BF4B-00C04F79EFBC}") = "WebApplication", "WebApplication\WebApplication.csproj", "{973FBBD4-A31A-498C-A4F6-2DD8E4E8506D}"
EndProject
Global
	GlobalSection(SolutionConfigurationPlatforms) = preSolution
		Debug|Any CPU = Debug|Any CPU
		Release|Any CPU = Release|Any CPU
	EndGlobalSection
	GlobalSection(ProjectConfigurationPlatforms) = postSolution
		{78A17FA3-81C9-46D4-AD02-443407267CE5}.Debug|Any CPU.ActiveCfg = Debug|Any CPU
		{78A17FA3-81C9-46D4-AD02-443407267CE5}.Debug|Any CPU.Build.0 = Debug|Any CPU
		{78A17FA3-81C9-46D4-AD02-443407267CE5}.Release|Any CPU.ActiveCfg = Release|Any CPU
		{78A17FA3-81C9-46D4-AD02-443407267CE5}.Release|Any CPU.Build.0 = Release|Any CPU
		{F2C18CBF-01DE-4173-9546-3AEF350E3BE8}.Debug|Any CPU.ActiveCfg = Debug|Any CPU
		{F2C18CBF-01DE-4173-9546-3AEF350E3BE8}.Debug|Any CPU.Build.0 = Debug|Any CPU
		{F2C18CBF-01DE-4173-9546-3AEF350E3BE8}.Release|Any CPU.ActiveCfg = Release|Any CPU
		{F2C18CBF-01DE-4173-9546-3AEF350E3BE8}.Release|Any CPU.Build.0 = Release|Any CPU
		{973FBBD4-A31A-498C-A4F6-2DD8E4E8506D}.Debug|Any CPU.ActiveCfg = Debug|Any CPU
		{973FBBD4-A31A-498C-A4F6-2DD8E4E8506D}.Debug|Any CPU.Build.0 = Debug|Any CPU
		{973FBBD4-A31A-498C-A4F6-2DD8E4E8506D}.Release|Any CPU.ActiveCfg = Release|Any CPU
		{973FBBD4-A31A-498C-A4F6-2DD8E4E8506D}.Release|Any CPU.Build.0 = Release|Any CPU
	EndGlobalSection
	GlobalSection(SolutionProperties) = preSolution
		HideSolutionNode = FALSE
	EndGlobalSection
	GlobalSection(ExtensibilityGlobals) = postSolution
		SolutionGuid = {4778BA23-F950-469C-9BD4-7BA13E7758F1}
	EndGlobalSection
EndGlobal
